// !$*UTF8*$!
{
	archiveVersion = 1;
	classes = {
	};
	objectVersion = 50;
	objects = {

/* Begin PBXBuildFile section */
		3CF3F35026081ED7009B3CDC /* final_assignment_experimentApp.swift in Sources */ = {isa = PBXBuildFile; fileRef = 3CF3F34F26081ED7009B3CDC /* final_assignment_experimentApp.swift */; };
		3CF3F35226081ED7009B3CDC /* ContentView.swift in Sources */ = {isa = PBXBuildFile; fileRef = 3CF3F35126081ED7009B3CDC /* ContentView.swift */; };
		3CF3F35426081ED8009B3CDC /* Assets.xcassets in Resources */ = {isa = PBXBuildFile; fileRef = 3CF3F35326081ED8009B3CDC /* Assets.xcassets */; };
		3CF3F35726081ED8009B3CDC /* Preview Assets.xcassets in Resources */ = {isa = PBXBuildFile; fileRef = 3CF3F35626081ED8009B3CDC /* Preview Assets.xcassets */; };
		3CF3F36126081F78009B3CDC /* store.swift in Sources */ = {isa = PBXBuildFile; fileRef = 3CF3F36026081F78009B3CDC /* store.swift */; };
		3CF3F36526081F88009B3CDC /* Time.swift in Sources */ = {isa = PBXBuildFile; fileRef = 3CF3F36426081F88009B3CDC /* Time.swift */; };
		3CF3F36826081F95009B3CDC /* Times.swift in Sources */ = {isa = PBXBuildFile; fileRef = 3CF3F36726081F95009B3CDC /* Times.swift */; };
		3CF3F3762608E8F0009B3CDC /* Lunch.swift in Sources */ = {isa = PBXBuildFile; fileRef = 3CF3F3752608E8F0009B3CDC /* Lunch.swift */; };
		3CF3F37A2608E910009B3CDC /* Breakfast.swift in Sources */ = {isa = PBXBuildFile; fileRef = 3CF3F3792608E910009B3CDC /* Breakfast.swift */; };
		3CF3F37D2608E91B009B3CDC /* Dinner.swift in Sources */ = {isa = PBXBuildFile; fileRef = 3CF3F37C2608E91B009B3CDC /* Dinner.swift */; };
		3CF3F3842608E94A009B3CDC /* Dinein_or_Takeout.swift in Sources */ = {isa = PBXBuildFile; fileRef = 3CF3F3832608E94A009B3CDC /* Dinein_or_Takeout.swift */; };
		3CF3F38A2608EA04009B3CDC /* MealScheduleDetailed.swift in Sources */ = {isa = PBXBuildFile; fileRef = 3CF3F3892608EA04009B3CDC /* MealScheduleDetailed.swift */; };
/* End PBXBuildFile section */

/* Begin PBXFileReference section */
		3CF3F34C26081ED7009B3CDC /* final assignment experiment.app */ = {isa = PBXFileReference; explicitFileType = wrapper.application; includeInIndex = 0; path = "final assignment experiment.app"; sourceTree = BUILT_PRODUCTS_DIR; };
		3CF3F34F26081ED7009B3CDC /* final_assignment_experimentApp.swift */ = {isa = PBXFileReference; lastKnownFileType = sourcecode.swift; path = final_assignment_experimentApp.swift; sourceTree = "<group>"; };
		3CF3F35126081ED7009B3CDC /* ContentView.swift */ = {isa = PBXFileReference; lastKnownFileType = sourcecode.swift; path = ContentView.swift; sourceTree = "<group>"; };
		3CF3F35326081ED8009B3CDC /* Assets.xcassets */ = {isa = PBXFileReference; lastKnownFileType = folder.assetcatalog; path = Assets.xcassets; sourceTree = "<group>"; };
		3CF3F35626081ED8009B3CDC /* Preview Assets.xcassets */ = {isa = PBXFileReference; lastKnownFileType = folder.assetcatalog; path = "Preview Assets.xcassets"; sourceTree = "<group>"; };
		3CF3F35826081ED8009B3CDC /* Info.plist */ = {isa = PBXFileReference; lastKnownFileType = text.plist.xml; path = Info.plist; sourceTree = "<group>"; };
		3CF3F36026081F78009B3CDC /* store.swift */ = {isa = PBXFileReference; lastKnownFileType = sourcecode.swift; path = store.swift; sourceTree = "<group>"; };
		3CF3F36426081F88009B3CDC /* Time.swift */ = {isa = PBXFileReference; lastKnownFileType = sourcecode.swift; path = Time.swift; sourceTree = "<group>"; };
		3CF3F36726081F95009B3CDC /* Times.swift */ = {isa = PBXFileReference; lastKnownFileType = sourcecode.swift; path = Times.swift; sourceTree = "<group>"; };
		3CF3F3752608E8F0009B3CDC /* Lunch.swift */ = {isa = PBXFileReference; lastKnownFileType = sourcecode.swift; path = Lunch.swift; sourceTree = "<group>"; };
		3CF3F3792608E910009B3CDC /* Breakfast.swift */ = {isa = PBXFileReference; lastKnownFileType = sourcecode.swift; path = Breakfast.swift; sourceTree = "<group>"; };
		3CF3F37C2608E91B009B3CDC /* Dinner.swift */ = {isa = PBXFileReference; lastKnownFileType = sourcecode.swift; path = Dinner.swift; sourceTree = "<group>"; };
		3CF3F3832608E94A009B3CDC /* Dinein_or_Takeout.swift */ = {isa = PBXFileReference; lastKnownFileType = sourcecode.swift; path = Dinein_or_Takeout.swift; sourceTree = "<group>"; };
		3CF3F3892608EA04009B3CDC /* MealScheduleDetailed.swift */ = {isa = PBXFileReference; lastKnownFileType = sourcecode.swift; path = MealScheduleDetailed.swift; sourceTree = "<group>"; };
/* End PBXFileReference section */

/* Begin PBXFrameworksBuildPhase section */
		3CF3F34926081ED7009B3CDC /* Frameworks */ = {
			isa = PBXFrameworksBuildPhase;
			buildActionMask = 2147483647;
			files = (
			);
			runOnlyForDeploymentPostprocessing = 0;
		};
/* End PBXFrameworksBuildPhase section */

/* Begin PBXGroup section */
		3CF3F34326081ED7009B3CDC = {
			isa = PBXGroup;
			children = (
				3CF3F35F26081F56009B3CDC /* Model */,
				3CF3F34E26081ED7009B3CDC /* final assignment experiment */,
				3CF3F34D26081ED7009B3CDC /* Products */,
			);
			sourceTree = "<group>";
		};
		3CF3F34D26081ED7009B3CDC /* Products */ = {
			isa = PBXGroup;
			children = (
				3CF3F34C26081ED7009B3CDC /* final assignment experiment.app */,
			);
			name = Products;
			sourceTree = "<group>";
		};
		3CF3F34E26081ED7009B3CDC /* final assignment experiment */ = {
			isa = PBXGroup;
			children = (
				3CF3F34F26081ED7009B3CDC /* final_assignment_experimentApp.swift */,
				3CF3F35126081ED7009B3CDC /* ContentView.swift */,
				3CF3F35326081ED8009B3CDC /* Assets.xcassets */,
				3CF3F35826081ED8009B3CDC /* Info.plist */,
				3CF3F35526081ED8009B3CDC /* Preview Content */,
			);
			path = "final assignment experiment";
			sourceTree = "<group>";
		};
		3CF3F35526081ED8009B3CDC /* Preview Content */ = {
			isa = PBXGroup;
			children = (
				3CF3F35626081ED8009B3CDC /* Preview Assets.xcassets */,
				3CF3F3752608E8F0009B3CDC /* Lunch.swift */,
				3CF3F3792608E910009B3CDC /* Breakfast.swift */,
				3CF3F37C2608E91B009B3CDC /* Dinner.swift */,
				3CF3F3832608E94A009B3CDC /* Dinein_or_Takeout.swift */,
				3CF3F3892608EA04009B3CDC /* MealScheduleDetailed.swift */,
			);
			path = "Preview Content";
			sourceTree = "<group>";
		};
		3CF3F35F26081F56009B3CDC /* Model */ = {
			isa = PBXGroup;
			children = (
				3CF3F36026081F78009B3CDC /* store.swift */,
				3CF3F36426081F88009B3CDC /* Time.swift */,
				3CF3F36726081F95009B3CDC /* Times.swift */,
			);
			path = Model;
			sourceTree = "<group>";
		};
/* End PBXGroup section */

/* Begin PBXNativeTarget section */
		3CF3F34B26081ED7009B3CDC /* final assignment experiment */ = {
			isa = PBXNativeTarget;
			buildConfigurationList = 3CF3F35B26081ED8009B3CDC /* Build configuration list for PBXNativeTarget "final assignment experiment" */;
			buildPhases = (
				3CF3F34826081ED7009B3CDC /* Sources */,
				3CF3F34926081ED7009B3CDC /* Frameworks */,
				3CF3F34A26081ED7009B3CDC /* Resources */,
			);
			buildRules = (
			);
			dependencies = (
			);
			name = "final assignment experiment";
			productName = "final assignment experiment";
			productReference = 3CF3F34C26081ED7009B3CDC /* final assignment experiment.app */;
			productType = "com.apple.product-type.application";
		};
/* End PBXNativeTarget section */

/* Begin PBXProject section */
		3CF3F34426081ED7009B3CDC /* Project object */ = {
			isa = PBXProject;
			attributes = {
				LastSwiftUpdateCheck = 1240;
				LastUpgradeCheck = 1240;
				TargetAttributes = {
					3CF3F34B26081ED7009B3CDC = {
						CreatedOnToolsVersion = 12.4;
					};
				};
			};
			buildConfigurationList = 3CF3F34726081ED7009B3CDC /* Build configuration list for PBXProject "final assignment experiment" */;
			compatibilityVersion = "Xcode 9.3";
			developmentRegion = en;
			hasScannedForEncodings = 0;
			knownRegions = (
				en,
				Base,
			);
			mainGroup = 3CF3F34326081ED7009B3CDC;
			productRefGroup = 3CF3F34D26081ED7009B3CDC /* Products */;
			projectDirPath = "";
			projectRoot = "";
			targets = (
				3CF3F34B26081ED7009B3CDC /* final assignment experiment */,
			);
		};
/* End PBXProject section */

/* Begin PBXResourcesBuildPhase section */
		3CF3F34A26081ED7009B3CDC /* Resources */ = {
			isa = PBXResourcesBuildPhase;
			buildActionMask = 2147483647;
			files = (
				3CF3F35726081ED8009B3CDC /* Preview Assets.xcassets in Resources */,
				3CF3F35426081ED8009B3CDC /* Assets.xcassets in Resources */,
			);
			runOnlyForDeploymentPostprocessing = 0;
		};
/* End PBXResourcesBuildPhase section */

/* Begin PBXSourcesBuildPhase section */
		3CF3F34826081ED7009B3CDC /* Sources */ = {
			isa = PBXSourcesBuildPhase;
			buildActionMask = 2147483647;
			files = (
				3CF3F36526081F88009B3CDC /* Time.swift in Sources */,
				3CF3F3842608E94A009B3CDC /* Dinein_or_Takeout.swift in Sources */,
				3CF3F36126081F78009B3CDC /* store.swift in Sources */,
				3CF3F37A2608E910009B3CDC /* Breakfast.swift in Sources */,
				3CF3F35226081ED7009B3CDC /* ContentView.swift in Sources */,
				3CF3F3762608E8F0009B3CDC /* Lunch.swift in Sources */,
				3CF3F35026081ED7009B3CDC /* final_assignment_experimentApp.swift in Sources */,
				3CF3F36826081F95009B3CDC /* Times.swift in Sources */,
				3CF3F37D2608E91B009B3CDC /* Dinner.swift in Sources */,
				3CF3F38A2608EA04009B3CDC /* MealScheduleDetailed.swift in Sources */,
			);
			runOnlyForDeploymentPostprocessing = 0;
		};
/* End PBXSourcesBuildPhase section */

/* Begin XCBuildConfiguration section */
		3CF3F35926081ED8009B3CDC /* Debug */ = {
			isa = XCBuildConfiguration;
			buildSettings = {
				ALWAYS_SEARCH_USER_PATHS = NO;
				CLANG_ANALYZER_NONNULL = YES;
				CLANG_ANALYZER_NUMBER_OBJECT_CONVERSION = YES_AGGRESSIVE;
				CLANG_CXX_LANGUAGE_STANDARD = "gnu++14";
				CLANG_CXX_LIBRARY = "libc++";
				CLANG_ENABLE_MODULES = YES;
				CLANG_ENABLE_OBJC_ARC = YES;
				CLANG_ENABLE_OBJC_WEAK = YES;
				CLANG_WARN_BLOCK_CAPTURE_AUTORELEASING = YES;
				CLANG_WARN_BOOL_CONVERSION = YES;
				CLANG_WARN_COMMA = YES;
				CLANG_WARN_CONSTANT_CONVERSION = YES;
				CLANG_WARN_DEPRECATED_OBJC_IMPLEMENTATIONS = YES;
				CLANG_WARN_DIRECT_OBJC_ISA_USAGE = YES_ERROR;
				CLANG_WARN_DOCUMENTATION_COMMENTS = YES;
				CLANG_WARN_EMPTY_BODY = YES;
				CLANG_WARN_ENUM_CONVERSION = YES;
				CLANG_WARN_INFINITE_RECURSION = YES;
				CLANG_WARN_INT_CONVERSION = YES;
				CLANG_WARN_NON_LITERAL_NULL_CONVERSION = YES;
				CLANG_WARN_OBJC_IMPLICIT_RETAIN_SELF = YES;
				CLANG_WARN_OBJC_LITERAL_CONVERSION = YES;
				CLANG_WARN_OBJC_ROOT_CLASS = YES_ERROR;
				CLANG_WARN_QUOTED_INCLUDE_IN_FRAMEWORK_HEADER = YES;
				CLANG_WARN_RANGE_LOOP_ANALYSIS = YES;
				CLANG_WARN_STRICT_PROTOTYPES = YES;
				CLANG_WARN_SUSPICIOUS_MOVE = YES;
				CLANG_WARN_UNGUARDED_AVAILABILITY = YES_AGGRESSIVE;
				CLANG_WARN_UNREACHABLE_CODE = YES;
				CLANG_WARN__DUPLICATE_METHOD_MATCH = YES;
				COPY_PHASE_STRIP = NO;
				DEBUG_INFORMATION_FORMAT = dwarf;
				ENABLE_STRICT_OBJC_MSGSEND = YES;
				ENABLE_TESTABILITY = YES;
				GCC_C_LANGUAGE_STANDARD = gnu11;
				GCC_DYNAMIC_NO_PIC = NO;
				GCC_NO_COMMON_BLOCKS = YES;
				GCC_OPTIMIZATION_LEVEL = 0;
				GCC_PREPROCESSOR_DEFINITIONS = (
					"DEBUG=1",
					"$(inherited)",
				);
				GCC_WARN_64_TO_32_BIT_CONVERSION = YES;
				GCC_WARN_ABOUT_RETURN_TYPE = YES_ERROR;
				GCC_WARN_UNDECLARED_SELECTOR = YES;
				GCC_WARN_UNINITIALIZED_AUTOS = YES_AGGRESSIVE;
				GCC_WARN_UNUSED_FUNCTION = YES;
				GCC_WARN_UNUSED_VARIABLE = YES;
				IPHONEOS_DEPLOYMENT_TARGET = 14.4;
				MTL_ENABLE_DEBUG_INFO = INCLUDE_SOURCE;
				MTL_FAST_MATH = YES;
				ONLY_ACTIVE_ARCH = YES;
				SDKROOT = iphoneos;
				SWIFT_ACTIVE_COMPILATION_CONDITIONS = DEBUG;
				SWIFT_OPTIMIZATION_LEVEL = "-Onone";
			};
			name = Debug;
		};
		3CF3F35A26081ED8009B3CDC /* Release */ = {
			isa = XCBuildConfiguration;
			buildSettings = {
				ALWAYS_SEARCH_USER_PATHS = NO;
				CLANG_ANALYZER_NONNULL = YES;
				CLANG_ANALYZER_NUMBER_OBJECT_CONVERSION = YES_AGGRESSIVE;
				CLANG_CXX_LANGUAGE_STANDARD = "gnu++14";
				CLANG_CXX_LIBRARY = "libc++";
				CLANG_ENABLE_MODULES = YES;
				CLANG_ENABLE_OBJC_ARC = YES;
				CLANG_ENABLE_OBJC_WEAK = YES;
				CLANG_WARN_BLOCK_CAPTURE_AUTORELEASING = YES;
				CLANG_WARN_BOOL_CONVERSION = YES;
				CLANG_WARN_COMMA = YES;
				CLANG_WARN_CONSTANT_CONVERSION = YES;
				CLANG_WARN_DEPRECATED_OBJC_IMPLEMENTATIONS = YES;
				CLANG_WARN_DIRECT_OBJC_ISA_USAGE = YES_ERROR;
				CLANG_WARN_DOCUMENTATION_COMMENTS = YES;
				CLANG_WARN_EMPTY_BODY = YES;
				CLANG_WARN_ENUM_CONVERSION = YES;
				CLANG_WARN_INFINITE_RECURSION = YES;
				CLANG_WARN_INT_CONVERSION = YES;
				CLANG_WARN_NON_LITERAL_NULL_CONVERSION = YES;
				CLANG_WARN_OBJC_IMPLICIT_RETAIN_SELF = YES;
				CLANG_WARN_OBJC_LITERAL_CONVERSION = YES;
				CLANG_WARN_OBJC_ROOT_CLASS = YES_ERROR;
				CLANG_WARN_QUOTED_INCLUDE_IN_FRAMEWORK_HEADER = YES;
				CLANG_WARN_RANGE_LOOP_ANALYSIS = YES;
				CLANG_WARN_STRICT_PROTOTYPES = YES;
				CLANG_WARN_SUSPICIOUS_MOVE = YES;
				CLANG_WARN_UNGUARDED_AVAILABILITY = YES_AGGRESSIVE;
				CLANG_WARN_UNREACHABLE_CODE = YES;
				CLANG_WARN__DUPLICATE_METHOD_MATCH = YES;
				COPY_PHASE_STRIP = NO;
				DEBUG_INFORMATION_FORMAT = "dwarf-with-dsym";
				ENABLE_NS_ASSERTIONS = NO;
				ENABLE_STRICT_OBJC_MSGSEND = YES;
				GCC_C_LANGUAGE_STANDARD = gnu11;
				GCC_NO_COMMON_BLOCKS = YES;
				GCC_WARN_64_TO_32_BIT_CONVERSION = YES;
				GCC_WARN_ABOUT_RETURN_TYPE = YES_ERROR;
				GCC_WARN_UNDECLARED_SELECTOR = YES;
				GCC_WARN_UNINITIALIZED_AUTOS = YES_AGGRESSIVE;
				GCC_WARN_UNUSED_FUNCTION = YES;
				GCC_WARN_UNUSED_VARIABLE = YES;
				IPHONEOS_DEPLOYMENT_TARGET = 14.4;
				MTL_ENABLE_DEBUG_INFO = NO;
				MTL_FAST_MATH = YES;
				SDKROOT = iphoneos;
				SWIFT_COMPILATION_MODE = wholemodule;
				SWIFT_OPTIMIZATION_LEVEL = "-O";
				VALIDATE_PRODUCT = YES;
			};
			name = Release;
		};
		3CF3F35C26081ED8009B3CDC /* Debug */ = {
			isa = XCBuildConfiguration;
			buildSettings = {
				ASSETCATALOG_COMPILER_APPICON_NAME = AppIcon;
				ASSETCATALOG_COMPILER_GLOBAL_ACCENT_COLOR_NAME = AccentColor;
				CODE_SIGN_STYLE = Automatic;
				DEVELOPMENT_ASSET_PATHS = "\"final assignment experiment/Preview Content\"";
				DEVELOPMENT_TEAM = 2PUY3827Z7;
				ENABLE_PREVIEWS = YES;
				INFOPLIST_FILE = "final assignment experiment/Info.plist";
				IPHONEOS_DEPLOYMENT_TARGET = 14.0;
				LD_RUNPATH_SEARCH_PATHS = (
					"$(inherited)",
					"@executable_path/Frameworks",
				);
				PRODUCT_BUNDLE_IDENTIFIER = "ca.yiningwang.final-assignment-experiment";
				PRODUCT_NAME = "$(TARGET_NAME)";
				SWIFT_VERSION = 5.0;
				TARGETED_DEVICE_FAMILY = "1,2";
			};
			name = Debug;
		};
		3CF3F35D26081ED8009B3CDC /* Release */ = {
			isa = XCBuildConfiguration;
			buildSettings = {
				ASSETCATALOG_COMPILER_APPICON_NAME = AppIcon;
				ASSETCATALOG_COMPILER_GLOBAL_ACCENT_COLOR_NAME = AccentColor;
				CODE_SIGN_STYLE = Automatic;
				DEVELOPMENT_ASSET_PATHS = "\"final assignment experiment/Preview Content\"";
				DEVELOPMENT_TEAM = 2PUY3827Z7;
				ENABLE_PREVIEWS = YES;
				INFOPLIST_FILE = "final assignment experiment/Info.plist";
				IPHONEOS_DEPLOYMENT_TARGET = 14.0;
				LD_RUNPATH_SEARCH_PATHS = (
					"$(inherited)",
					"@executable_path/Frameworks",
				);
				PRODUCT_BUNDLE_IDENTIFIER = "ca.yiningwang.final-assignment-experiment";
				PRODUCT_NAME = "$(TARGET_NAME)";
				SWIFT_VERSION = 5.0;
				TARGETED_DEVICE_FAMILY = "1,2";
			};
			name = Release;
		};
/* End XCBuildConfiguration section */

/* Begin XCConfigurationList section */
		3CF3F34726081ED7009B3CDC /* Build configuration list for PBXProject "final assignment experiment" */ = {
			isa = XCConfigurationList;
			buildConfigurations = (
				3CF3F35926081ED8009B3CDC /* Debug */,
				3CF3F35A26081ED8009B3CDC /* Release */,
			);
			defaultConfigurationIsVisible = 0;
			defaultConfigurationName = Release;
		};
		3CF3F35B26081ED8009B3CDC /* Build configuration list for PBXNativeTarget "final assignment experiment" */ = {
			isa = XCConfigurationList;
			buildConfigurations = (
				3CF3F35C26081ED8009B3CDC /* Debug */,
				3CF3F35D26081ED8009B3CDC /* Release */,
			);
			defaultConfigurationIsVisible = 0;
			defaultConfigurationName = Release;
		};
/* End XCConfigurationList section */
	};
	rootObject = 3CF3F34426081ED7009B3CDC /* Project object */;
}
